// !$*UTF8*$!
{
	archiveVersion = 1;
	classes = {
	};
	objectVersion = 46;
	objects = {

/* Begin PBXBuildFile section */
		0519EFE01816CCC100CFDCA4 /* SPAsyncNamespacing.h in Headers */ = {isa = PBXBuildFile; fileRef = 0519EFDF1816CCC100CFDCA4 /* SPAsyncNamespacing.h */; settings = {ATTRIBUTES = (Public, ); }; };
		054B255719B3300B00F61F64 /* libSPAsync.a in Frameworks */ = {isa = PBXBuildFile; fileRef = 05B647DA16B85AF90050002D /* libSPAsync.a */; };
		054B258819B3350A00F61F64 /* SPAgentTest.m in Sources */ = {isa = PBXBuildFile; fileRef = 05B6480A16B85BB60050002D /* SPAgentTest.m */; };
		054B258919B3350A00F61F64 /* SPTaskTest.m in Sources */ = {isa = PBXBuildFile; fileRef = 05B6480C16B85BB60050002D /* SPTaskTest.m */; };
		054B258A19B3350A00F61F64 /* SPAwaitTest.m in Sources */ = {isa = PBXBuildFile; fileRef = 05B6484316B94C010050002D /* SPAwaitTest.m */; };
		054B258B19B3356300F61F64 /* NSObject+SPInvocationGrabbing.m in Sources */ = {isa = PBXBuildFile; fileRef = 05B6481516B85BC20050002D /* NSObject+SPInvocationGrabbing.m */; };
		054B258C19B3356300F61F64 /* SPAgent.m in Sources */ = {isa = PBXBuildFile; fileRef = 05B6481616B85BC20050002D /* SPAgent.m */; };
		054B258D19B3356300F61F64 /* SPTask.m in Sources */ = {isa = PBXBuildFile; fileRef = 05B6481816B85BC20050002D /* SPTask.m */; };
		054B258E19B3356300F61F64 /* SPAwait.m in Sources */ = {isa = PBXBuildFile; fileRef = 05B6484016B93F2A0050002D /* SPAwait.m */; };
		058DBD1C199D43E8008F7741 /* main.swift in Sources */ = {isa = PBXBuildFile; fileRef = 058DBD1B199D43E8008F7741 /* main.swift */; };
		058DBD21199D4424008F7741 /* Task.swift in Sources */ = {isa = PBXBuildFile; fileRef = 058DBD20199D4424008F7741 /* Task.swift */; };
		05B647DE16B85AF90050002D /* Foundation.framework in Frameworks */ = {isa = PBXBuildFile; fileRef = 05B647DD16B85AF90050002D /* Foundation.framework */; };
		05B6481916B85BC20050002D /* NSObject+SPInvocationGrabbing.m in Sources */ = {isa = PBXBuildFile; fileRef = 05B6481516B85BC20050002D /* NSObject+SPInvocationGrabbing.m */; };
		05B6481A16B85BC20050002D /* SPAgent.m in Sources */ = {isa = PBXBuildFile; fileRef = 05B6481616B85BC20050002D /* SPAgent.m */; };
		05B6481C16B85BC20050002D /* SPTask.m in Sources */ = {isa = PBXBuildFile; fileRef = 05B6481816B85BC20050002D /* SPTask.m */; };
		05B6484116B93F2A0050002D /* SPAwait.m in Sources */ = {isa = PBXBuildFile; fileRef = 05B6484016B93F2A0050002D /* SPAwait.m */; };
		05BBF3B216EF2EA30011E948 /* Cocoa.framework in Frameworks */ = {isa = PBXBuildFile; fileRef = 05BBF3B116EF2EA30011E948 /* Cocoa.framework */; };
		05BBF3DD16EF30100011E948 /* NSObject+SPInvocationGrabbing.m in Sources */ = {isa = PBXBuildFile; fileRef = 05B6481516B85BC20050002D /* NSObject+SPInvocationGrabbing.m */; };
		05BBF3DE16EF30100011E948 /* SPAgent.m in Sources */ = {isa = PBXBuildFile; fileRef = 05B6481616B85BC20050002D /* SPAgent.m */; };
		05BBF3DF16EF30100011E948 /* SPTask.m in Sources */ = {isa = PBXBuildFile; fileRef = 05B6481816B85BC20050002D /* SPTask.m */; };
		05BBF3E016EF30100011E948 /* SPAwait.m in Sources */ = {isa = PBXBuildFile; fileRef = 05B6484016B93F2A0050002D /* SPAwait.m */; };
		05BBF3E116EF301C0011E948 /* SPAsync.h in Headers */ = {isa = PBXBuildFile; fileRef = 05B6481216B85BC20050002D /* SPAsync.h */; settings = {ATTRIBUTES = (Public, ); }; };
		05BBF3E216EF301C0011E948 /* NSObject+SPInvocationGrabbing.h in Headers */ = {isa = PBXBuildFile; fileRef = 05B6481016B85BC20050002D /* NSObject+SPInvocationGrabbing.h */; settings = {ATTRIBUTES = (Public, ); }; };
		05BBF3E316EF301C0011E948 /* SPAgent.h in Headers */ = {isa = PBXBuildFile; fileRef = 05B6481116B85BC20050002D /* SPAgent.h */; settings = {ATTRIBUTES = (Public, ); }; };
		05BBF3E416EF301C0011E948 /* SPTask.h in Headers */ = {isa = PBXBuildFile; fileRef = 05B6481316B85BC20050002D /* SPTask.h */; settings = {ATTRIBUTES = (Public, ); }; };
		05BBF3E516EF301C0011E948 /* SPAwait.h in Headers */ = {isa = PBXBuildFile; fileRef = 05B6483F16B93F200050002D /* SPAwait.h */; settings = {ATTRIBUTES = (Public, ); }; };
		05C3925219C8CFFB003B862A /* SPAsync.framework in Frameworks */ = {isa = PBXBuildFile; fileRef = 05BBF3B016EF2EA30011E948 /* SPAsync.framework */; };
/* End PBXBuildFile section */

/* Begin PBXCopyFilesBuildPhase section */
		058DBD17199D43E8008F7741 /* CopyFiles */ = {
			isa = PBXCopyFilesBuildPhase;
			buildActionMask = 2147483647;
			dstPath = /usr/share/man/man1/;
			dstSubfolderSpec = 0;
			files = (
			);
			runOnlyForDeploymentPostprocessing = 1;
		};
		05B647D816B85AF90050002D /* CopyFiles */ = {
			isa = PBXCopyFilesBuildPhase;
			buildActionMask = 2147483647;
			dstPath = "include/${PRODUCT_NAME}";
			dstSubfolderSpec = 16;
			files = (
			);
			runOnlyForDeploymentPostprocessing = 0;
		};
/* End PBXCopyFilesBuildPhase section */

/* Begin PBXFileReference section */
		0519EFDF1816CCC100CFDCA4 /* SPAsyncNamespacing.h */ = {isa = PBXFileReference; fileEncoding = 4; lastKnownFileType = sourcecode.c.h; path = SPAsyncNamespacing.h; sourceTree = "<group>"; };
		054B257419B3346800F61F64 /* libSPAsync.a */ = {isa = PBXFileReference; explicitFileType = archive.ar; includeInIndex = 0; path = libSPAsync.a; sourceTree = BUILT_PRODUCTS_DIR; };
		054B257E19B3346800F61F64 /* SPAsyncTests.xctest */ = {isa = PBXFileReference; explicitFileType = wrapper.cfbundle; includeInIndex = 0; path = SPAsyncTests.xctest; sourceTree = BUILT_PRODUCTS_DIR; };
		057E7ECB182E8302009D0318 /* UIScrollView.h */ = {isa = PBXFileReference; fileEncoding = 4; lastKnownFileType = sourcecode.c.h; path = UIScrollView.h; sourceTree = "<group>"; };
		057E7ECC182E830C009D0318 /* UIScrollView.m */ = {isa = PBXFileReference; fileEncoding = 4; lastKnownFileType = sourcecode.c.objc; path = UIScrollView.m; sourceTree = "<group>"; };
		057E7ED3182E8DE8009D0318 /* UIKit.h */ = {isa = PBXFileReference; fileEncoding = 4; lastKnownFileType = sourcecode.c.h; path = UIKit.h; sourceTree = "<group>"; };
		058DBD19199D43E8008F7741 /* SwiftDemo */ = {isa = PBXFileReference; explicitFileType = "compiled.mach-o.executable"; includeInIndex = 0; path = SwiftDemo; sourceTree = BUILT_PRODUCTS_DIR; };
		058DBD1B199D43E8008F7741 /* main.swift */ = {isa = PBXFileReference; lastKnownFileType = sourcecode.swift; path = main.swift; sourceTree = "<group>"; };
		058DBD20199D4424008F7741 /* Task.swift */ = {isa = PBXFileReference; fileEncoding = 4; lastKnownFileType = sourcecode.swift; path = Task.swift; sourceTree = "<group>"; };
		058DBD22199D443F008F7741 /* Swift-Bridging-Header.h */ = {isa = PBXFileReference; lastKnownFileType = sourcecode.c.h; path = "Swift-Bridging-Header.h"; sourceTree = "<group>"; };
		05B16D20182D9CAC00025797 /* UIView.h */ = {isa = PBXFileReference; lastKnownFileType = sourcecode.c.h; path = UIView.h; sourceTree = "<group>"; };
		05B16D23182D9D9500025797 /* UIView.m */ = {isa = PBXFileReference; fileEncoding = 4; lastKnownFileType = sourcecode.c.objc; path = UIView.m; sourceTree = "<group>"; };
		05B647DA16B85AF90050002D /* libSPAsync.a */ = {isa = PBXFileReference; explicitFileType = archive.ar; includeInIndex = 0; path = libSPAsync.a; sourceTree = BUILT_PRODUCTS_DIR; };
		05B647DD16B85AF90050002D /* Foundation.framework */ = {isa = PBXFileReference; lastKnownFileType = wrapper.framework; name = Foundation.framework; path = System/Library/Frameworks/Foundation.framework; sourceTree = SDKROOT; };
		05B647E116B85AF90050002D /* SPAsync-Prefix.pch */ = {isa = PBXFileReference; lastKnownFileType = sourcecode.c.h; name = "SPAsync-Prefix.pch"; path = "Support/SPAsync-Prefix.pch"; sourceTree = "<group>"; };
		05B647EC16B85AF90050002D /* SenTestingKit.framework */ = {isa = PBXFileReference; lastKnownFileType = wrapper.framework; name = SenTestingKit.framework; path = Library/Frameworks/SenTestingKit.framework; sourceTree = DEVELOPER_DIR; };
		05B647EE16B85AF90050002D /* UIKit.framework */ = {isa = PBXFileReference; lastKnownFileType = wrapper.framework; name = UIKit.framework; path = Library/Frameworks/UIKit.framework; sourceTree = DEVELOPER_DIR; };
		05B647F616B85AF90050002D /* SPAsyncTests-Info.plist */ = {isa = PBXFileReference; lastKnownFileType = text.plist.xml; path = "SPAsyncTests-Info.plist"; sourceTree = "<group>"; };
		05B647F816B85AF90050002D /* en */ = {isa = PBXFileReference; lastKnownFileType = text.plist.strings; name = en; path = en.lproj/InfoPlist.strings; sourceTree = "<group>"; };
		05B6480916B85BB60050002D /* SPAgentTest.h */ = {isa = PBXFileReference; fileEncoding = 4; lastKnownFileType = sourcecode.c.h; path = SPAgentTest.h; sourceTree = "<group>"; };
		05B6480A16B85BB60050002D /* SPAgentTest.m */ = {isa = PBXFileReference; fileEncoding = 4; lastKnownFileType = sourcecode.c.objc; path = SPAgentTest.m; sourceTree = "<group>"; };
		05B6480B16B85BB60050002D /* SPTaskTest.h */ = {isa = PBXFileReference; fileEncoding = 4; lastKnownFileType = sourcecode.c.h; path = SPTaskTest.h; sourceTree = "<group>"; };
		05B6480C16B85BB60050002D /* SPTaskTest.m */ = {isa = PBXFileReference; fileEncoding = 4; lastKnownFileType = sourcecode.c.objc; path = SPTaskTest.m; sourceTree = "<group>"; };
		05B6481016B85BC20050002D /* NSObject+SPInvocationGrabbing.h */ = {isa = PBXFileReference; fileEncoding = 4; lastKnownFileType = sourcecode.c.h; path = "NSObject+SPInvocationGrabbing.h"; sourceTree = "<group>"; };
		05B6481116B85BC20050002D /* SPAgent.h */ = {isa = PBXFileReference; fileEncoding = 4; lastKnownFileType = sourcecode.c.h; path = SPAgent.h; sourceTree = "<group>"; };
		05B6481216B85BC20050002D /* SPAsync.h */ = {isa = PBXFileReference; fileEncoding = 4; lastKnownFileType = sourcecode.c.h; path = SPAsync.h; sourceTree = "<group>"; };
		05B6481316B85BC20050002D /* SPTask.h */ = {isa = PBXFileReference; fileEncoding = 4; lastKnownFileType = sourcecode.c.h; path = SPTask.h; sourceTree = "<group>"; };
		05B6481516B85BC20050002D /* NSObject+SPInvocationGrabbing.m */ = {isa = PBXFileReference; fileEncoding = 4; lastKnownFileType = sourcecode.c.objc; path = "NSObject+SPInvocationGrabbing.m"; sourceTree = "<group>"; };
		05B6481616B85BC20050002D /* SPAgent.m */ = {isa = PBXFileReference; fileEncoding = 4; lastKnownFileType = sourcecode.c.objc; path = SPAgent.m; sourceTree = "<group>"; };
		05B6481816B85BC20050002D /* SPTask.m */ = {isa = PBXFileReference; fileEncoding = 4; lastKnownFileType = sourcecode.c.objc; path = SPTask.m; sourceTree = "<group>"; };
		05B6483F16B93F200050002D /* SPAwait.h */ = {isa = PBXFileReference; fileEncoding = 4; lastKnownFileType = sourcecode.c.h; path = SPAwait.h; sourceTree = "<group>"; };
		05B6484016B93F2A0050002D /* SPAwait.m */ = {isa = PBXFileReference; fileEncoding = 4; lastKnownFileType = sourcecode.c.objc; path = SPAwait.m; sourceTree = "<group>"; };
		05B6484216B94C010050002D /* SPAwaitTest.h */ = {isa = PBXFileReference; fileEncoding = 4; lastKnownFileType = sourcecode.c.h; path = SPAwaitTest.h; sourceTree = "<group>"; };
		05B6484316B94C010050002D /* SPAwaitTest.m */ = {isa = PBXFileReference; fileEncoding = 4; lastKnownFileType = sourcecode.c.objc; path = SPAwaitTest.m; sourceTree = "<group>"; };
		05BBF3B016EF2EA30011E948 /* SPAsync.framework */ = {isa = PBXFileReference; explicitFileType = wrapper.framework; includeInIndex = 0; path = SPAsync.framework; sourceTree = BUILT_PRODUCTS_DIR; };
		05BBF3B116EF2EA30011E948 /* Cocoa.framework */ = {isa = PBXFileReference; lastKnownFileType = wrapper.framework; name = Cocoa.framework; path = Library/Frameworks/Cocoa.framework; sourceTree = DEVELOPER_DIR; };
		05BBF3B416EF2EA30011E948 /* AppKit.framework */ = {isa = PBXFileReference; lastKnownFileType = wrapper.framework; name = AppKit.framework; path = Library/Frameworks/AppKit.framework; sourceTree = SDKROOT; };
		05BBF3B516EF2EA30011E948 /* CoreData.framework */ = {isa = PBXFileReference; lastKnownFileType = wrapper.framework; name = CoreData.framework; path = Library/Frameworks/CoreData.framework; sourceTree = SDKROOT; };
		05BBF3B616EF2EA30011E948 /* Foundation.framework */ = {isa = PBXFileReference; lastKnownFileType = wrapper.framework; name = Foundation.framework; path = Library/Frameworks/Foundation.framework; sourceTree = SDKROOT; };
		05BBF3DB16EF2F780011E948 /* SPAsync-Framework-Info.plist */ = {isa = PBXFileReference; fileEncoding = 4; lastKnownFileType = text.plist.xml; name = "SPAsync-Framework-Info.plist"; path = "Support/SPAsync-Framework-Info.plist"; sourceTree = SOURCE_ROOT; };
/* End PBXFileReference section */

/* Begin PBXFrameworksBuildPhase section */
		054B257119B3346800F61F64 /* Frameworks */ = {
			isa = PBXFrameworksBuildPhase;
			buildActionMask = 2147483647;
			files = (
			);
			runOnlyForDeploymentPostprocessing = 0;
		};
		054B257B19B3346800F61F64 /* Frameworks */ = {
			isa = PBXFrameworksBuildPhase;
			buildActionMask = 2147483647;
			files = (
				05C3925219C8CFFB003B862A /* SPAsync.framework in Frameworks */,
			);
			runOnlyForDeploymentPostprocessing = 0;
		};
		058DBD16199D43E8008F7741 /* Frameworks */ = {
			isa = PBXFrameworksBuildPhase;
			buildActionMask = 2147483647;
			files = (
				054B255719B3300B00F61F64 /* libSPAsync.a in Frameworks */,
			);
			runOnlyForDeploymentPostprocessing = 0;
		};
		05B647D716B85AF90050002D /* Frameworks */ = {
			isa = PBXFrameworksBuildPhase;
			buildActionMask = 2147483647;
			files = (
				05B647DE16B85AF90050002D /* Foundation.framework in Frameworks */,
			);
			runOnlyForDeploymentPostprocessing = 0;
		};
		05BBF3AC16EF2EA30011E948 /* Frameworks */ = {
			isa = PBXFrameworksBuildPhase;
			buildActionMask = 2147483647;
			files = (
				05BBF3B216EF2EA30011E948 /* Cocoa.framework in Frameworks */,
			);
			runOnlyForDeploymentPostprocessing = 0;
		};
/* End PBXFrameworksBuildPhase section */

/* Begin PBXGroup section */
		058DBD1A199D43E8008F7741 /* Swift */ = {
			isa = PBXGroup;
			children = (
				058DBD1B199D43E8008F7741 /* main.swift */,
				058DBD20199D4424008F7741 /* Task.swift */,
				058DBD22199D443F008F7741 /* Swift-Bridging-Header.h */,
			);
			path = Swift;
			sourceTree = SOURCE_ROOT;
		};
		05B16D1F182D9CAC00025797 /* UIKit */ = {
			isa = PBXGroup;
			children = (
				057E7ED3182E8DE8009D0318 /* UIKit.h */,
				05B16D20182D9CAC00025797 /* UIView.h */,
				057E7ECB182E8302009D0318 /* UIScrollView.h */,
			);
			path = UIKit;
			sourceTree = "<group>";
		};
		05B16D21182D9D8A00025797 /* Extensions */ = {
			isa = PBXGroup;
			children = (
				05B16D22182D9D8A00025797 /* UIKit */,
			);
			path = Extensions;
			sourceTree = SOURCE_ROOT;
		};
		05B16D22182D9D8A00025797 /* UIKit */ = {
			isa = PBXGroup;
			children = (
				05B16D23182D9D9500025797 /* UIView.m */,
				057E7ECC182E830C009D0318 /* UIScrollView.m */,
			);
			path = UIKit;
			sourceTree = "<group>";
		};
		05B647CF16B85AF90050002D = {
			isa = PBXGroup;
			children = (
				05B647DF16B85AF90050002D /* SPAsync */,
				05B647F416B85AF90050002D /* SPAsyncTests */,
				05B647DC16B85AF90050002D /* Frameworks */,
				05B647DB16B85AF90050002D /* Products */,
			);
			sourceTree = "<group>";
		};
		05B647DB16B85AF90050002D /* Products */ = {
			isa = PBXGroup;
			children = (
				05B647DA16B85AF90050002D /* libSPAsync.a */,
				05BBF3B016EF2EA30011E948 /* SPAsync.framework */,
				058DBD19199D43E8008F7741 /* SwiftDemo */,
				054B257419B3346800F61F64 /* libSPAsync.a */,
				054B257E19B3346800F61F64 /* SPAsyncTests.xctest */,
			);
			name = Products;
			sourceTree = "<group>";
		};
		05B647DC16B85AF90050002D /* Frameworks */ = {
			isa = PBXGroup;
			children = (
				05B647DD16B85AF90050002D /* Foundation.framework */,
				05B647EC16B85AF90050002D /* SenTestingKit.framework */,
				05B647EE16B85AF90050002D /* UIKit.framework */,
				05BBF3B116EF2EA30011E948 /* Cocoa.framework */,
				05BBF3B316EF2EA30011E948 /* Other Frameworks */,
			);
			name = Frameworks;
			sourceTree = "<group>";
		};
		05B647DF16B85AF90050002D /* SPAsync */ = {
			isa = PBXGroup;
			children = (
				05B6480F16B85BC20050002D /* Interfaces */,
				05B6481416B85BC20050002D /* Sources */,
				05B16D21182D9D8A00025797 /* Extensions */,
				058DBD1A199D43E8008F7741 /* Swift */,
				05B647E016B85AF90050002D /* Supporting Files */,
			);
			path = SPAsync;
			sourceTree = "<group>";
		};
		05B647E016B85AF90050002D /* Supporting Files */ = {
			isa = PBXGroup;
			children = (
				05BBF3DB16EF2F780011E948 /* SPAsync-Framework-Info.plist */,
				05B647E116B85AF90050002D /* SPAsync-Prefix.pch */,
			);
			name = "Supporting Files";
			sourceTree = "<group>";
		};
		05B647F416B85AF90050002D /* SPAsyncTests */ = {
			isa = PBXGroup;
			children = (
				05B6480916B85BB60050002D /* SPAgentTest.h */,
				05B6480A16B85BB60050002D /* SPAgentTest.m */,
				05B6480B16B85BB60050002D /* SPTaskTest.h */,
				05B6480C16B85BB60050002D /* SPTaskTest.m */,
				05B6484216B94C010050002D /* SPAwaitTest.h */,
				05B6484316B94C010050002D /* SPAwaitTest.m */,
				05B647F516B85AF90050002D /* Supporting Files */,
			);
			path = SPAsyncTests;
			sourceTree = "<group>";
		};
		05B647F516B85AF90050002D /* Supporting Files */ = {
			isa = PBXGroup;
			children = (
				05B647F616B85AF90050002D /* SPAsyncTests-Info.plist */,
				05B647F716B85AF90050002D /* InfoPlist.strings */,
			);
			name = "Supporting Files";
			sourceTree = "<group>";
		};
		05B6480F16B85BC20050002D /* Interfaces */ = {
			isa = PBXGroup;
			children = (
				05B6481216B85BC20050002D /* SPAsync.h */,
				05B6481016B85BC20050002D /* NSObject+SPInvocationGrabbing.h */,
				05B6481116B85BC20050002D /* SPAgent.h */,
				05B6481316B85BC20050002D /* SPTask.h */,
				05B6483F16B93F200050002D /* SPAwait.h */,
				0519EFDF1816CCC100CFDCA4 /* SPAsyncNamespacing.h */,
				05B16D1F182D9CAC00025797 /* UIKit */,
			);
			name = Interfaces;
			path = include/SPAsync;
			sourceTree = SOURCE_ROOT;
		};
		05B6481416B85BC20050002D /* Sources */ = {
			isa = PBXGroup;
			children = (
				05B6481516B85BC20050002D /* NSObject+SPInvocationGrabbing.m */,
				05B6481616B85BC20050002D /* SPAgent.m */,
				05B6481816B85BC20050002D /* SPTask.m */,
				05B6484016B93F2A0050002D /* SPAwait.m */,
			);
			path = Sources;
			sourceTree = SOURCE_ROOT;
		};
		05BBF3B316EF2EA30011E948 /* Other Frameworks */ = {
			isa = PBXGroup;
			children = (
				05BBF3B416EF2EA30011E948 /* AppKit.framework */,
				05BBF3B516EF2EA30011E948 /* CoreData.framework */,
				05BBF3B616EF2EA30011E948 /* Foundation.framework */,
			);
			name = "Other Frameworks";
			sourceTree = "<group>";
		};
/* End PBXGroup section */

/* Begin PBXHeadersBuildPhase section */
		054B257219B3346800F61F64 /* Headers */ = {
			isa = PBXHeadersBuildPhase;
			buildActionMask = 2147483647;
			files = (
			);
			runOnlyForDeploymentPostprocessing = 0;
		};
		05BBF3AD16EF2EA30011E948 /* Headers */ = {
			isa = PBXHeadersBuildPhase;
			buildActionMask = 2147483647;
			files = (
				05BBF3E116EF301C0011E948 /* SPAsync.h in Headers */,
				05BBF3E216EF301C0011E948 /* NSObject+SPInvocationGrabbing.h in Headers */,
				05BBF3E316EF301C0011E948 /* SPAgent.h in Headers */,
				0519EFE01816CCC100CFDCA4 /* SPAsyncNamespacing.h in Headers */,
				05BBF3E416EF301C0011E948 /* SPTask.h in Headers */,
				05BBF3E516EF301C0011E948 /* SPAwait.h in Headers */,
			);
			runOnlyForDeploymentPostprocessing = 0;
		};
/* End PBXHeadersBuildPhase section */

/* Begin PBXNativeTarget section */
		054B257319B3346800F61F64 /* SPAsync (Mac) */ = {
			isa = PBXNativeTarget;
			buildConfigurationList = 054B258219B3346900F61F64 /* Build configuration list for PBXNativeTarget "SPAsync (Mac)" */;
			buildPhases = (
				054B257019B3346800F61F64 /* Sources */,
				054B257119B3346800F61F64 /* Frameworks */,
				054B257219B3346800F61F64 /* Headers */,
			);
			buildRules = (
			);
			dependencies = (
			);
			name = "SPAsync (Mac)";
			productName = "SPAsync (Mac)";
			productReference = 054B257419B3346800F61F64 /* libSPAsync.a */;
			productType = "com.apple.product-type.library.static";
		};
		054B257D19B3346800F61F64 /* SPAsyncTests */ = {
			isa = PBXNativeTarget;
			buildConfigurationList = 054B258519B3346900F61F64 /* Build configuration list for PBXNativeTarget "SPAsyncTests" */;
			buildPhases = (
				054B257A19B3346800F61F64 /* Sources */,
				054B257B19B3346800F61F64 /* Frameworks */,
				054B257C19B3346800F61F64 /* Resources */,
			);
			buildRules = (
			);
			dependencies = (
			);
			name = SPAsyncTests;
			productName = "SPAsync (Mac)Tests";
			productReference = 054B257E19B3346800F61F64 /* SPAsyncTests.xctest */;
			productType = "com.apple.product-type.bundle.unit-test";
		};
		058DBD18199D43E8008F7741 /* SwiftDemo */ = {
			isa = PBXNativeTarget;
			buildConfigurationList = 058DBD1D199D43E8008F7741 /* Build configuration list for PBXNativeTarget "SwiftDemo" */;
			buildPhases = (
				058DBD15199D43E8008F7741 /* Sources */,
				058DBD16199D43E8008F7741 /* Frameworks */,
				058DBD17199D43E8008F7741 /* CopyFiles */,
			);
			buildRules = (
			);
			dependencies = (
			);
			name = SwiftDemo;
			productName = Swift;
			productReference = 058DBD19199D43E8008F7741 /* SwiftDemo */;
			productType = "com.apple.product-type.tool";
		};
		05B647D916B85AF90050002D /* SPAsync (iOS) */ = {
			isa = PBXNativeTarget;
			buildConfigurationList = 05B647FF16B85AF90050002D /* Build configuration list for PBXNativeTarget "SPAsync (iOS)" */;
			buildPhases = (
				05B647D616B85AF90050002D /* Sources */,
				05B647D716B85AF90050002D /* Frameworks */,
				05B647D816B85AF90050002D /* CopyFiles */,
			);
			buildRules = (
			);
			dependencies = (
			);
			name = "SPAsync (iOS)";
			productName = SPAsync;
			productReference = 05B647DA16B85AF90050002D /* libSPAsync.a */;
			productType = "com.apple.product-type.library.static";
		};
		05BBF3AF16EF2EA30011E948 /* SPAsync Framework */ = {
			isa = PBXNativeTarget;
			buildConfigurationList = 05BBF3D916EF2EA30011E948 /* Build configuration list for PBXNativeTarget "SPAsync Framework" */;
			buildPhases = (
				05BBF3AB16EF2EA30011E948 /* Sources */,
				05BBF3AC16EF2EA30011E948 /* Frameworks */,
				05BBF3AD16EF2EA30011E948 /* Headers */,
				05BBF3AE16EF2EA30011E948 /* Resources */,
			);
			buildRules = (
			);
			dependencies = (
			);
			name = "SPAsync Framework";
			productName = SPAsync_;
			productReference = 05BBF3B016EF2EA30011E948 /* SPAsync.framework */;
			productType = "com.apple.product-type.framework";
		};
/* End PBXNativeTarget section */

/* Begin PBXProject section */
		05B647D116B85AF90050002D /* Project object */ = {
			isa = PBXProject;
			attributes = {
				LastUpgradeCheck = 0500;
				ORGANIZATIONNAME = ThirdCog;
				TargetAttributes = {
					054B257319B3346800F61F64 = {
						CreatedOnToolsVersion = 6.0;
					};
					054B257D19B3346800F61F64 = {
						CreatedOnToolsVersion = 6.0;
					};
					058DBD18199D43E8008F7741 = {
						CreatedOnToolsVersion = 6.0;
					};
				};
			};
			buildConfigurationList = 05B647D416B85AF90050002D /* Build configuration list for PBXProject "SPAsync" */;
			compatibilityVersion = "Xcode 3.2";
			developmentRegion = English;
			hasScannedForEncodings = 0;
			knownRegions = (
				en,
			);
			mainGroup = 05B647CF16B85AF90050002D;
			productRefGroup = 05B647DB16B85AF90050002D /* Products */;
			projectDirPath = "";
			projectRoot = "";
			targets = (
				05B647D916B85AF90050002D /* SPAsync (iOS) */,
				05BBF3AF16EF2EA30011E948 /* SPAsync Framework */,
				058DBD18199D43E8008F7741 /* SwiftDemo */,
				054B257319B3346800F61F64 /* SPAsync (Mac) */,
				054B257D19B3346800F61F64 /* SPAsyncTests */,
			);
		};
/* End PBXProject section */

/* Begin PBXResourcesBuildPhase section */
		054B257C19B3346800F61F64 /* Resources */ = {
			isa = PBXResourcesBuildPhase;
			buildActionMask = 2147483647;
			files = (
			);
			runOnlyForDeploymentPostprocessing = 0;
		};
		05BBF3AE16EF2EA30011E948 /* Resources */ = {
			isa = PBXResourcesBuildPhase;
			buildActionMask = 2147483647;
			files = (
			);
			runOnlyForDeploymentPostprocessing = 0;
		};
/* End PBXResourcesBuildPhase section */

/* Begin PBXSourcesBuildPhase section */
		054B257019B3346800F61F64 /* Sources */ = {
			isa = PBXSourcesBuildPhase;
			buildActionMask = 2147483647;
			files = (
				054B258B19B3356300F61F64 /* NSObject+SPInvocationGrabbing.m in Sources */,
				054B258C19B3356300F61F64 /* SPAgent.m in Sources */,
				054B258D19B3356300F61F64 /* SPTask.m in Sources */,
				054B258E19B3356300F61F64 /* SPAwait.m in Sources */,
			);
			runOnlyForDeploymentPostprocessing = 0;
		};
		054B257A19B3346800F61F64 /* Sources */ = {
			isa = PBXSourcesBuildPhase;
			buildActionMask = 2147483647;
			files = (
				054B258819B3350A00F61F64 /* SPAgentTest.m in Sources */,
				054B258919B3350A00F61F64 /* SPTaskTest.m in Sources */,
				054B258A19B3350A00F61F64 /* SPAwaitTest.m in Sources */,
			);
			runOnlyForDeploymentPostprocessing = 0;
		};
		058DBD15199D43E8008F7741 /* Sources */ = {
			isa = PBXSourcesBuildPhase;
			buildActionMask = 2147483647;
			files = (
				058DBD21199D4424008F7741 /* Task.swift in Sources */,
				058DBD1C199D43E8008F7741 /* main.swift in Sources */,
			);
			runOnlyForDeploymentPostprocessing = 0;
		};
		05B647D616B85AF90050002D /* Sources */ = {
			isa = PBXSourcesBuildPhase;
			buildActionMask = 2147483647;
			files = (
				05B6481916B85BC20050002D /* NSObject+SPInvocationGrabbing.m in Sources */,
				05B6481A16B85BC20050002D /* SPAgent.m in Sources */,
				05B6481C16B85BC20050002D /* SPTask.m in Sources */,
				05B6484116B93F2A0050002D /* SPAwait.m in Sources */,
			);
			runOnlyForDeploymentPostprocessing = 0;
		};
		05BBF3AB16EF2EA30011E948 /* Sources */ = {
			isa = PBXSourcesBuildPhase;
			buildActionMask = 2147483647;
			files = (
				05BBF3DD16EF30100011E948 /* NSObject+SPInvocationGrabbing.m in Sources */,
				05BBF3DE16EF30100011E948 /* SPAgent.m in Sources */,
				05BBF3DF16EF30100011E948 /* SPTask.m in Sources */,
				05BBF3E016EF30100011E948 /* SPAwait.m in Sources */,
			);
			runOnlyForDeploymentPostprocessing = 0;
		};
/* End PBXSourcesBuildPhase section */

/* Begin PBXVariantGroup section */
		05B647F716B85AF90050002D /* InfoPlist.strings */ = {
			isa = PBXVariantGroup;
			children = (
				05B647F816B85AF90050002D /* en */,
			);
			name = InfoPlist.strings;
			sourceTree = "<group>";
		};
/* End PBXVariantGroup section */

/* Begin XCBuildConfiguration section */
		054B258319B3346900F61F64 /* Debug */ = {
			isa = XCBuildConfiguration;
			buildSettings = {
				CLANG_ENABLE_MODULES = YES;
				CLANG_WARN_BOOL_CONVERSION = YES;
				CLANG_WARN_CONSTANT_CONVERSION = YES;
				CLANG_WARN_DIRECT_OBJC_ISA_USAGE = YES_ERROR;
				CLANG_WARN_ENUM_CONVERSION = YES;
				CLANG_WARN_INT_CONVERSION = YES;
				CLANG_WARN_OBJC_ROOT_CLASS = YES_ERROR;
				CLANG_WARN_UNREACHABLE_CODE = YES;
				ENABLE_STRICT_OBJC_MSGSEND = YES;
				EXECUTABLE_PREFIX = lib;
				GCC_PREPROCESSOR_DEFINITIONS = (
					"DEBUG=1",
					"$(inherited)",
				);
				GCC_WARN_64_TO_32_BIT_CONVERSION = YES;
				GCC_WARN_ABOUT_RETURN_TYPE = YES_ERROR;
				GCC_WARN_UNDECLARED_SELECTOR = YES;
				GCC_WARN_UNINITIALIZED_AUTOS = YES_AGGRESSIVE;
				GCC_WARN_UNUSED_FUNCTION = YES;
				MACOSX_DEPLOYMENT_TARGET = 10.10;
				MTL_ENABLE_DEBUG_INFO = YES;
				ONLY_ACTIVE_ARCH = YES;
				PRODUCT_MODULE_NAME = SPAsync;
				PRODUCT_NAME = SPAsync;
				SDKROOT = macosx;
			};
			name = Debug;
		};
		054B258419B3346900F61F64 /* Release */ = {
			isa = XCBuildConfiguration;
			buildSettings = {
				CLANG_ENABLE_MODULES = YES;
				CLANG_WARN_BOOL_CONVERSION = YES;
				CLANG_WARN_CONSTANT_CONVERSION = YES;
				CLANG_WARN_DIRECT_OBJC_ISA_USAGE = YES_ERROR;
				CLANG_WARN_ENUM_CONVERSION = YES;
				CLANG_WARN_INT_CONVERSION = YES;
				CLANG_WARN_OBJC_ROOT_CLASS = YES_ERROR;
				CLANG_WARN_UNREACHABLE_CODE = YES;
				DEBUG_INFORMATION_FORMAT = "dwarf-with-dsym";
				ENABLE_NS_ASSERTIONS = NO;
				ENABLE_STRICT_OBJC_MSGSEND = YES;
				EXECUTABLE_PREFIX = lib;
				GCC_WARN_64_TO_32_BIT_CONVERSION = YES;
				GCC_WARN_ABOUT_RETURN_TYPE = YES_ERROR;
				GCC_WARN_UNDECLARED_SELECTOR = YES;
				GCC_WARN_UNINITIALIZED_AUTOS = YES_AGGRESSIVE;
				GCC_WARN_UNUSED_FUNCTION = YES;
				MACOSX_DEPLOYMENT_TARGET = 10.10;
				MTL_ENABLE_DEBUG_INFO = NO;
				PRODUCT_MODULE_NAME = SPAsync;
				PRODUCT_NAME = SPAsync;
				SDKROOT = macosx;
			};
			name = Release;
		};
		054B258619B3346900F61F64 /* Debug */ = {
			isa = XCBuildConfiguration;
			buildSettings = {
				CLANG_ENABLE_MODULES = YES;
				CLANG_WARN_BOOL_CONVERSION = YES;
				CLANG_WARN_CONSTANT_CONVERSION = YES;
				CLANG_WARN_DIRECT_OBJC_ISA_USAGE = YES_ERROR;
				CLANG_WARN_ENUM_CONVERSION = YES;
				CLANG_WARN_INT_CONVERSION = YES;
				CLANG_WARN_OBJC_ROOT_CLASS = YES_ERROR;
				CLANG_WARN_UNREACHABLE_CODE = YES;
				COMBINE_HIDPI_IMAGES = YES;
				ENABLE_STRICT_OBJC_MSGSEND = YES;
				FRAMEWORK_SEARCH_PATHS = (
					"$(DEVELOPER_FRAMEWORKS_DIR)",
					"$(inherited)",
				);
				GCC_PREPROCESSOR_DEFINITIONS = (
					"DEBUG=1",
					"$(inherited)",
				);
				GCC_WARN_64_TO_32_BIT_CONVERSION = YES;
				GCC_WARN_ABOUT_RETURN_TYPE = YES_ERROR;
				GCC_WARN_UNDECLARED_SELECTOR = YES;
				GCC_WARN_UNINITIALIZED_AUTOS = YES_AGGRESSIVE;
				GCC_WARN_UNUSED_FUNCTION = YES;
				INFOPLIST_FILE = "SPAsync (Mac)Tests/Info.plist";
				LD_RUNPATH_SEARCH_PATHS = "$(inherited) @executable_path/../Frameworks @loader_path/../Frameworks";
				MACOSX_DEPLOYMENT_TARGET = 10.10;
				MTL_ENABLE_DEBUG_INFO = YES;
				ONLY_ACTIVE_ARCH = YES;
				PRODUCT_NAME = "$(TARGET_NAME)";
				SDKROOT = macosx;
			};
			name = Debug;
		};
		054B258719B3346900F61F64 /* Release */ = {
			isa = XCBuildConfiguration;
			buildSettings = {
				CLANG_ENABLE_MODULES = YES;
				CLANG_WARN_BOOL_CONVERSION = YES;
				CLANG_WARN_CONSTANT_CONVERSION = YES;
				CLANG_WARN_DIRECT_OBJC_ISA_USAGE = YES_ERROR;
				CLANG_WARN_ENUM_CONVERSION = YES;
				CLANG_WARN_INT_CONVERSION = YES;
				CLANG_WARN_OBJC_ROOT_CLASS = YES_ERROR;
				CLANG_WARN_UNREACHABLE_CODE = YES;
				COMBINE_HIDPI_IMAGES = YES;
				DEBUG_INFORMATION_FORMAT = "dwarf-with-dsym";
				ENABLE_NS_ASSERTIONS = NO;
				ENABLE_STRICT_OBJC_MSGSEND = YES;
				FRAMEWORK_SEARCH_PATHS = (
					"$(DEVELOPER_FRAMEWORKS_DIR)",
					"$(inherited)",
				);
				GCC_WARN_64_TO_32_BIT_CONVERSION = YES;
				GCC_WARN_ABOUT_RETURN_TYPE = YES_ERROR;
				GCC_WARN_UNDECLARED_SELECTOR = YES;
				GCC_WARN_UNINITIALIZED_AUTOS = YES_AGGRESSIVE;
				GCC_WARN_UNUSED_FUNCTION = YES;
				INFOPLIST_FILE = "SPAsync (Mac)Tests/Info.plist";
				LD_RUNPATH_SEARCH_PATHS = "$(inherited) @executable_path/../Frameworks @loader_path/../Frameworks";
				MACOSX_DEPLOYMENT_TARGET = 10.10;
				MTL_ENABLE_DEBUG_INFO = NO;
				PRODUCT_NAME = "$(TARGET_NAME)";
				SDKROOT = macosx;
			};
			name = Release;
		};
		058DBD1E199D43E8008F7741 /* Debug */ = {
			isa = XCBuildConfiguration;
			buildSettings = {
				CLANG_ENABLE_MODULES = YES;
				CLANG_WARN_BOOL_CONVERSION = YES;
				CLANG_WARN_CONSTANT_CONVERSION = YES;
				CLANG_WARN_DIRECT_OBJC_ISA_USAGE = YES_ERROR;
				CLANG_WARN_ENUM_CONVERSION = YES;
				CLANG_WARN_INT_CONVERSION = YES;
				CLANG_WARN_OBJC_ROOT_CLASS = YES_ERROR;
				CLANG_WARN_UNREACHABLE_CODE = YES;
				ENABLE_STRICT_OBJC_MSGSEND = YES;
				GCC_PREPROCESSOR_DEFINITIONS = (
					"DEBUG=1",
					"$(inherited)",
				);
				GCC_WARN_64_TO_32_BIT_CONVERSION = YES;
				GCC_WARN_ABOUT_RETURN_TYPE = YES_ERROR;
				GCC_WARN_UNDECLARED_SELECTOR = YES;
				GCC_WARN_UNINITIALIZED_AUTOS = YES_AGGRESSIVE;
				GCC_WARN_UNUSED_FUNCTION = YES;
				LD_RUNPATH_SEARCH_PATHS = "$(inherited) @executable_path/../Frameworks @loader_path/../Frameworks";
				MACOSX_DEPLOYMENT_TARGET = 10.10;
				MTL_ENABLE_DEBUG_INFO = YES;
				ONLY_ACTIVE_ARCH = YES;
				PRODUCT_NAME = "$(TARGET_NAME)";
				SDKROOT = macosx;
				SWIFT_OBJC_BRIDGING_HEADER = "Swift/Swift-Bridging-Header.h";
				SWIFT_OPTIMIZATION_LEVEL = "-Onone";
			};
			name = Debug;
		};
		058DBD1F199D43E8008F7741 /* Release */ = {
			isa = XCBuildConfiguration;
			buildSettings = {
				CLANG_ENABLE_MODULES = YES;
				CLANG_WARN_BOOL_CONVERSION = YES;
				CLANG_WARN_CONSTANT_CONVERSION = YES;
				CLANG_WARN_DIRECT_OBJC_ISA_USAGE = YES_ERROR;
				CLANG_WARN_ENUM_CONVERSION = YES;
				CLANG_WARN_INT_CONVERSION = YES;
				CLANG_WARN_OBJC_ROOT_CLASS = YES_ERROR;
				CLANG_WARN_UNREACHABLE_CODE = YES;
				DEBUG_INFORMATION_FORMAT = "dwarf-with-dsym";
				ENABLE_NS_ASSERTIONS = NO;
				ENABLE_STRICT_OBJC_MSGSEND = YES;
				GCC_WARN_64_TO_32_BIT_CONVERSION = YES;
				GCC_WARN_ABOUT_RETURN_TYPE = YES_ERROR;
				GCC_WARN_UNDECLARED_SELECTOR = YES;
				GCC_WARN_UNINITIALIZED_AUTOS = YES_AGGRESSIVE;
				GCC_WARN_UNUSED_FUNCTION = YES;
				LD_RUNPATH_SEARCH_PATHS = "$(inherited) @executable_path/../Frameworks @loader_path/../Frameworks";
				MACOSX_DEPLOYMENT_TARGET = 10.10;
				MTL_ENABLE_DEBUG_INFO = NO;
				PRODUCT_NAME = "$(TARGET_NAME)";
				SDKROOT = macosx;
				SWIFT_OBJC_BRIDGING_HEADER = "Swift/Swift-Bridging-Header.h";
			};
			name = Release;
		};
		05B647FD16B85AF90050002D /* Debug */ = {
			isa = XCBuildConfiguration;
			buildSettings = {
				ALWAYS_SEARCH_USER_PATHS = NO;
				CLANG_CXX_LANGUAGE_STANDARD = "gnu++0x";
				CLANG_CXX_LIBRARY = "libc++";
				CLANG_ENABLE_OBJC_ARC = YES;
				CLANG_WARN_EMPTY_BODY = YES;
				CLANG_WARN__DUPLICATE_METHOD_MATCH = YES;
				COPY_PHASE_STRIP = NO;
				GCC_C_LANGUAGE_STANDARD = gnu99;
				GCC_DYNAMIC_NO_PIC = NO;
				GCC_OPTIMIZATION_LEVEL = 0;
				GCC_PREPROCESSOR_DEFINITIONS = (
					"$(inherited)",
					"OS_OBJECT_USE_OBJC=0",
					"DEBUG=1",
				);
				GCC_SYMBOLS_PRIVATE_EXTERN = NO;
				GCC_WARN_ABOUT_RETURN_TYPE = YES;
				GCC_WARN_UNINITIALIZED_AUTOS = YES;
				GCC_WARN_UNUSED_VARIABLE = YES;
				HEADER_SEARCH_PATHS = "\"$(SRCROOT)/include\"";
				IPHONEOS_DEPLOYMENT_TARGET = 6.0;
				SDKROOT = iphoneos;
			};
			name = Debug;
		};
		05B647FE16B85AF90050002D /* Release */ = {
			isa = XCBuildConfiguration;
			buildSettings = {
				ALWAYS_SEARCH_USER_PATHS = NO;
				CLANG_CXX_LANGUAGE_STANDARD = "gnu++0x";
				CLANG_CXX_LIBRARY = "libc++";
				CLANG_ENABLE_OBJC_ARC = YES;
				CLANG_WARN_EMPTY_BODY = YES;
				CLANG_WARN__DUPLICATE_METHOD_MATCH = YES;
				COPY_PHASE_STRIP = YES;
				GCC_C_LANGUAGE_STANDARD = gnu99;
				GCC_PREPROCESSOR_DEFINITIONS = (
					"$(inherited)",
					"OS_OBJECT_USE_OBJC=0",
				);
				GCC_WARN_ABOUT_RETURN_TYPE = YES;
				GCC_WARN_UNINITIALIZED_AUTOS = YES;
				GCC_WARN_UNUSED_VARIABLE = YES;
				HEADER_SEARCH_PATHS = "\"$(SRCROOT)/include\"";
				IPHONEOS_DEPLOYMENT_TARGET = 6.0;
				SDKROOT = iphoneos;
				VALIDATE_PRODUCT = YES;
			};
			name = Release;
		};
		05B6480016B85AF90050002D /* Debug */ = {
			isa = XCBuildConfiguration;
			buildSettings = {
				ARCHS = "$(ARCHS_STANDARD_INCLUDING_64_BIT)";
				DSTROOT = /tmp/SPAsync.dst;
				GCC_PRECOMPILE_PREFIX_HEADER = YES;
				GCC_PREFIX_HEADER = "Support/SPAsync-Prefix.pch";
				OTHER_LDFLAGS = "-ObjC";
				PRODUCT_MODULE_NAME = SPAsync;
				PRODUCT_NAME = SPAsync;
				SKIP_INSTALL = YES;
			};
			name = Debug;
		};
		05B6480116B85AF90050002D /* Release */ = {
			isa = XCBuildConfiguration;
			buildSettings = {
				ARCHS = "$(ARCHS_STANDARD_INCLUDING_64_BIT)";
				DSTROOT = /tmp/SPAsync.dst;
				GCC_PRECOMPILE_PREFIX_HEADER = YES;
				GCC_PREFIX_HEADER = "Support/SPAsync-Prefix.pch";
				OTHER_LDFLAGS = "-ObjC";
				PRODUCT_MODULE_NAME = SPAsync;
				PRODUCT_NAME = SPAsync;
				SKIP_INSTALL = YES;
			};
			name = Release;
		};
		05BBF3D516EF2EA30011E948 /* Debug */ = {
			isa = XCBuildConfiguration;
			buildSettings = {
				ARCHS = "$(ARCHS_STANDARD_64_BIT)";
				CLANG_WARN_CONSTANT_CONVERSION = YES;
				CLANG_WARN_ENUM_CONVERSION = YES;
				CLANG_WARN_INT_CONVERSION = YES;
				COMBINE_HIDPI_IMAGES = YES;
				DYLIB_COMPATIBILITY_VERSION = 1;
				DYLIB_CURRENT_VERSION = 1;
				FRAMEWORK_VERSION = A;
				GCC_ENABLE_OBJC_EXCEPTIONS = YES;
				GCC_PRECOMPILE_PREFIX_HEADER = YES;
				GCC_PREFIX_HEADER = "Support/SPAsync-Prefix.pch";
				GCC_PREPROCESSOR_DEFINITIONS = (
					"DEBUG=1",
					"$(inherited)",
				);
				GCC_WARN_64_TO_32_BIT_CONVERSION = YES;
				INFOPLIST_FILE = "Support/SPAsync-Framework-Info.plist";
				MACOSX_DEPLOYMENT_TARGET = 10.8;
				ONLY_ACTIVE_ARCH = YES;
				PRODUCT_NAME = SPAsync;
				SDKROOT = macosx;
				WRAPPER_EXTENSION = framework;
			};
			name = Debug;
		};
		05BBF3D616EF2EA30011E948 /* Release */ = {
			isa = XCBuildConfiguration;
			buildSettings = {
				ARCHS = "$(ARCHS_STANDARD_64_BIT)";
				CLANG_WARN_CONSTANT_CONVERSION = YES;
				CLANG_WARN_ENUM_CONVERSION = YES;
				CLANG_WARN_INT_CONVERSION = YES;
				COMBINE_HIDPI_IMAGES = YES;
				DEBUG_INFORMATION_FORMAT = "dwarf-with-dsym";
				DYLIB_COMPATIBILITY_VERSION = 1;
				DYLIB_CURRENT_VERSION = 1;
				FRAMEWORK_VERSION = A;
				GCC_ENABLE_OBJC_EXCEPTIONS = YES;
				GCC_PRECOMPILE_PREFIX_HEADER = YES;
				GCC_PREFIX_HEADER = "Support/SPAsync-Prefix.pch";
				GCC_WARN_64_TO_32_BIT_CONVERSION = YES;
				INFOPLIST_FILE = "Support/SPAsync-Framework-Info.plist";
				MACOSX_DEPLOYMENT_TARGET = 10.8;
				PRODUCT_NAME = SPAsync;
				SDKROOT = macosx;
				WRAPPER_EXTENSION = framework;
			};
			name = Release;
		};
/* End XCBuildConfiguration section */

/* Begin XCConfigurationList section */
		054B258219B3346900F61F64 /* Build configuration list for PBXNativeTarget "SPAsync (Mac)" */ = {
			isa = XCConfigurationList;
			buildConfigurations = (
				054B258319B3346900F61F64 /* Debug */,
				054B258419B3346900F61F64 /* Release */,
			);
			defaultConfigurationIsVisible = 0;
			defaultConfigurationName = Release;
		};
		054B258519B3346900F61F64 /* Build configuration list for PBXNativeTarget "SPAsyncTests" */ = {
			isa = XCConfigurationList;
			buildConfigurations = (
				054B258619B3346900F61F64 /* Debug */,
				054B258719B3346900F61F64 /* Release */,
			);
			defaultConfigurationIsVisible = 0;
			defaultConfigurationName = Release;
		};
		058DBD1D199D43E8008F7741 /* Build configuration list for PBXNativeTarget "SwiftDemo" */ = {
			isa = XCConfigurationList;
			buildConfigurations = (
				058DBD1E199D43E8008F7741 /* Debug */,
				058DBD1F199D43E8008F7741 /* Release */,
			);
			defaultConfigurationIsVisible = 0;
			defaultConfigurationName = Release;
		};
		05B647D416B85AF90050002D /* Build configuration list for PBXProject "SPAsync" */ = {
			isa = XCConfigurationList;
			buildConfigurations = (
				05B647FD16B85AF90050002D /* Debug */,
				05B647FE16B85AF90050002D /* Release */,
			);
			defaultConfigurationIsVisible = 0;
			defaultConfigurationName = Release;
		};
		05B647FF16B85AF90050002D /* Build configuration list for PBXNativeTarget "SPAsync (iOS)" */ = {
			isa = XCConfigurationList;
			buildConfigurations = (
				05B6480016B85AF90050002D /* Debug */,
				05B6480116B85AF90050002D /* Release */,
			);
			defaultConfigurationIsVisible = 0;
			defaultConfigurationName = Release;
		};
		05BBF3D916EF2EA30011E948 /* Build configuration list for PBXNativeTarget "SPAsync Framework" */ = {
			isa = XCConfigurationList;
			buildConfigurations = (
				05BBF3D516EF2EA30011E948 /* Debug */,
				05BBF3D616EF2EA30011E948 /* Release */,
			);
			defaultConfigurationIsVisible = 0;
			defaultConfigurationName = Release;
		};
/* End XCConfigurationList section */
	};
	rootObject = 05B647D116B85AF90050002D /* Project object */;
}
