// !$*UTF8*$!
{
	archiveVersion = 1;
	classes = {
	};
	objectVersion = 46;
	objects = {

/* Begin PBXBuildFile section */
		0519EFE01816CCC100CFDCA4 /* SPAsyncNamespacing.h in Headers */ = {isa = PBXBuildFile; fileRef = 0519EFDF1816CCC100CFDCA4 /* SPAsyncNamespacing.h */; settings = {ATTRIBUTES = (Public, ); }; };
		05B647DE16B85AF90050002D /* Foundation.framework in Frameworks */ = {isa = PBXBuildFile; fileRef = 05B647DD16B85AF90050002D /* Foundation.framework */; };
		05B647ED16B85AF90050002D /* SenTestingKit.framework in Frameworks */ = {isa = PBXBuildFile; fileRef = 05B647EC16B85AF90050002D /* SenTestingKit.framework */; };
		05B647EF16B85AF90050002D /* UIKit.framework in Frameworks */ = {isa = PBXBuildFile; fileRef = 05B647EE16B85AF90050002D /* UIKit.framework */; };
		05B647F016B85AF90050002D /* Foundation.framework in Frameworks */ = {isa = PBXBuildFile; fileRef = 05B647DD16B85AF90050002D /* Foundation.framework */; };
		05B647F316B85AF90050002D /* libSPAsync.a in Frameworks */ = {isa = PBXBuildFile; fileRef = 05B647DA16B85AF90050002D /* libSPAsync.a */; };
		05B647F916B85AF90050002D /* InfoPlist.strings in Resources */ = {isa = PBXBuildFile; fileRef = 05B647F716B85AF90050002D /* InfoPlist.strings */; };
		05B6480D16B85BB60050002D /* SPAgentTest.m in Sources */ = {isa = PBXBuildFile; fileRef = 05B6480A16B85BB60050002D /* SPAgentTest.m */; };
		05B6480E16B85BB60050002D /* SPTaskTest.m in Sources */ = {isa = PBXBuildFile; fileRef = 05B6480C16B85BB60050002D /* SPTaskTest.m */; };
		05B6481916B85BC20050002D /* NSObject+SPInvocationGrabbing.m in Sources */ = {isa = PBXBuildFile; fileRef = 05B6481516B85BC20050002D /* NSObject+SPInvocationGrabbing.m */; };
		05B6481A16B85BC20050002D /* SPAgent.m in Sources */ = {isa = PBXBuildFile; fileRef = 05B6481616B85BC20050002D /* SPAgent.m */; };
		05B6481C16B85BC20050002D /* SPTask.m in Sources */ = {isa = PBXBuildFile; fileRef = 05B6481816B85BC20050002D /* SPTask.m */; };
		05B6484116B93F2A0050002D /* SPAwait.m in Sources */ = {isa = PBXBuildFile; fileRef = 05B6484016B93F2A0050002D /* SPAwait.m */; };
		05B6484416B94C010050002D /* SPAwaitTest.m in Sources */ = {isa = PBXBuildFile; fileRef = 05B6484316B94C010050002D /* SPAwaitTest.m */; };
		05BBF3B216EF2EA30011E948 /* Cocoa.framework in Frameworks */ = {isa = PBXBuildFile; fileRef = 05BBF3B116EF2EA30011E948 /* Cocoa.framework */; };
		05BBF3DD16EF30100011E948 /* NSObject+SPInvocationGrabbing.m in Sources */ = {isa = PBXBuildFile; fileRef = 05B6481516B85BC20050002D /* NSObject+SPInvocationGrabbing.m */; };
		05BBF3DE16EF30100011E948 /* SPAgent.m in Sources */ = {isa = PBXBuildFile; fileRef = 05B6481616B85BC20050002D /* SPAgent.m */; };
		05BBF3DF16EF30100011E948 /* SPTask.m in Sources */ = {isa = PBXBuildFile; fileRef = 05B6481816B85BC20050002D /* SPTask.m */; };
		05BBF3E016EF30100011E948 /* SPAwait.m in Sources */ = {isa = PBXBuildFile; fileRef = 05B6484016B93F2A0050002D /* SPAwait.m */; };
		05BBF3E116EF301C0011E948 /* SPAsync.h in Headers */ = {isa = PBXBuildFile; fileRef = 05B6481216B85BC20050002D /* SPAsync.h */; settings = {ATTRIBUTES = (Public, ); }; };
		05BBF3E216EF301C0011E948 /* NSObject+SPInvocationGrabbing.h in Headers */ = {isa = PBXBuildFile; fileRef = 05B6481016B85BC20050002D /* NSObject+SPInvocationGrabbing.h */; settings = {ATTRIBUTES = (Public, ); }; };
		05BBF3E316EF301C0011E948 /* SPAgent.h in Headers */ = {isa = PBXBuildFile; fileRef = 05B6481116B85BC20050002D /* SPAgent.h */; settings = {ATTRIBUTES = (Public, ); }; };
		05BBF3E416EF301C0011E948 /* SPTask.h in Headers */ = {isa = PBXBuildFile; fileRef = 05B6481316B85BC20050002D /* SPTask.h */; settings = {ATTRIBUTES = (Public, ); }; };
		05BBF3E516EF301C0011E948 /* SPAwait.h in Headers */ = {isa = PBXBuildFile; fileRef = 05B6483F16B93F200050002D /* SPAwait.h */; settings = {ATTRIBUTES = (Public, ); }; };
/* End PBXBuildFile section */

/* Begin PBXContainerItemProxy section */
		05B647F116B85AF90050002D /* PBXContainerItemProxy */ = {
			isa = PBXContainerItemProxy;
			containerPortal = 05B647D116B85AF90050002D /* Project object */;
			proxyType = 1;
			remoteGlobalIDString = 05B647D916B85AF90050002D;
			remoteInfo = SPAsync;
		};
/* End PBXContainerItemProxy section */

/* Begin PBXCopyFilesBuildPhase section */
		05B647D816B85AF90050002D /* CopyFiles */ = {
			isa = PBXCopyFilesBuildPhase;
			buildActionMask = 2147483647;
			dstPath = "include/${PRODUCT_NAME}";
			dstSubfolderSpec = 16;
			files = (
			);
			runOnlyForDeploymentPostprocessing = 0;
		};
/* End PBXCopyFilesBuildPhase section */

/* Begin PBXFileReference section */
		0519EFDF1816CCC100CFDCA4 /* SPAsyncNamespacing.h */ = {isa = PBXFileReference; fileEncoding = 4; lastKnownFileType = sourcecode.c.h; path = SPAsyncNamespacing.h; sourceTree = "<group>"; };
		05B647DA16B85AF90050002D /* libSPAsync.a */ = {isa = PBXFileReference; explicitFileType = archive.ar; includeInIndex = 0; path = libSPAsync.a; sourceTree = BUILT_PRODUCTS_DIR; };
		05B647DD16B85AF90050002D /* Foundation.framework */ = {isa = PBXFileReference; lastKnownFileType = wrapper.framework; name = Foundation.framework; path = System/Library/Frameworks/Foundation.framework; sourceTree = SDKROOT; };
		05B647E116B85AF90050002D /* SPAsync-Prefix.pch */ = {isa = PBXFileReference; lastKnownFileType = sourcecode.c.h; name = "SPAsync-Prefix.pch"; path = "Support/SPAsync-Prefix.pch"; sourceTree = "<group>"; };
		05B647EB16B85AF90050002D /* SPAsyncTests.octest */ = {isa = PBXFileReference; explicitFileType = wrapper.cfbundle; includeInIndex = 0; path = SPAsyncTests.octest; sourceTree = BUILT_PRODUCTS_DIR; };
		05B647EC16B85AF90050002D /* SenTestingKit.framework */ = {isa = PBXFileReference; lastKnownFileType = wrapper.framework; name = SenTestingKit.framework; path = Library/Frameworks/SenTestingKit.framework; sourceTree = DEVELOPER_DIR; };
		05B647EE16B85AF90050002D /* UIKit.framework */ = {isa = PBXFileReference; lastKnownFileType = wrapper.framework; name = UIKit.framework; path = Library/Frameworks/UIKit.framework; sourceTree = DEVELOPER_DIR; };
		05B647F616B85AF90050002D /* SPAsyncTests-Info.plist */ = {isa = PBXFileReference; lastKnownFileType = text.plist.xml; path = "SPAsyncTests-Info.plist"; sourceTree = "<group>"; };
		05B647F816B85AF90050002D /* en */ = {isa = PBXFileReference; lastKnownFileType = text.plist.strings; name = en; path = en.lproj/InfoPlist.strings; sourceTree = "<group>"; };
		05B6480916B85BB60050002D /* SPAgentTest.h */ = {isa = PBXFileReference; fileEncoding = 4; lastKnownFileType = sourcecode.c.h; path = SPAgentTest.h; sourceTree = "<group>"; };
		05B6480A16B85BB60050002D /* SPAgentTest.m */ = {isa = PBXFileReference; fileEncoding = 4; lastKnownFileType = sourcecode.c.objc; path = SPAgentTest.m; sourceTree = "<group>"; };
		05B6480B16B85BB60050002D /* SPTaskTest.h */ = {isa = PBXFileReference; fileEncoding = 4; lastKnownFileType = sourcecode.c.h; path = SPTaskTest.h; sourceTree = "<group>"; };
		05B6480C16B85BB60050002D /* SPTaskTest.m */ = {isa = PBXFileReference; fileEncoding = 4; lastKnownFileType = sourcecode.c.objc; path = SPTaskTest.m; sourceTree = "<group>"; };
		05B6481016B85BC20050002D /* NSObject+SPInvocationGrabbing.h */ = {isa = PBXFileReference; fileEncoding = 4; lastKnownFileType = sourcecode.c.h; path = "NSObject+SPInvocationGrabbing.h"; sourceTree = "<group>"; };
		05B6481116B85BC20050002D /* SPAgent.h */ = {isa = PBXFileReference; fileEncoding = 4; lastKnownFileType = sourcecode.c.h; path = SPAgent.h; sourceTree = "<group>"; };
		05B6481216B85BC20050002D /* SPAsync.h */ = {isa = PBXFileReference; fileEncoding = 4; lastKnownFileType = sourcecode.c.h; path = SPAsync.h; sourceTree = "<group>"; };
		05B6481316B85BC20050002D /* SPTask.h */ = {isa = PBXFileReference; fileEncoding = 4; lastKnownFileType = sourcecode.c.h; path = SPTask.h; sourceTree = "<group>"; };
		05B6481516B85BC20050002D /* NSObject+SPInvocationGrabbing.m */ = {isa = PBXFileReference; fileEncoding = 4; lastKnownFileType = sourcecode.c.objc; path = "NSObject+SPInvocationGrabbing.m"; sourceTree = "<group>"; };
		05B6481616B85BC20050002D /* SPAgent.m */ = {isa = PBXFileReference; fileEncoding = 4; lastKnownFileType = sourcecode.c.objc; path = SPAgent.m; sourceTree = "<group>"; };
		05B6481816B85BC20050002D /* SPTask.m */ = {isa = PBXFileReference; fileEncoding = 4; lastKnownFileType = sourcecode.c.objc; path = SPTask.m; sourceTree = "<group>"; };
		05B6483F16B93F200050002D /* SPAwait.h */ = {isa = PBXFileReference; fileEncoding = 4; lastKnownFileType = sourcecode.c.h; path = SPAwait.h; sourceTree = "<group>"; };
		05B6484016B93F2A0050002D /* SPAwait.m */ = {isa = PBXFileReference; fileEncoding = 4; lastKnownFileType = sourcecode.c.objc; path = SPAwait.m; sourceTree = "<group>"; };
		05B6484216B94C010050002D /* SPAwaitTest.h */ = {isa = PBXFileReference; fileEncoding = 4; lastKnownFileType = sourcecode.c.h; path = SPAwaitTest.h; sourceTree = "<group>"; };
		05B6484316B94C010050002D /* SPAwaitTest.m */ = {isa = PBXFileReference; fileEncoding = 4; lastKnownFileType = sourcecode.c.objc; path = SPAwaitTest.m; sourceTree = "<group>"; };
		05BBF3B016EF2EA30011E948 /* SPAsync.framework */ = {isa = PBXFileReference; explicitFileType = wrapper.framework; includeInIndex = 0; path = SPAsync.framework; sourceTree = BUILT_PRODUCTS_DIR; };
		05BBF3B116EF2EA30011E948 /* Cocoa.framework */ = {isa = PBXFileReference; lastKnownFileType = wrapper.framework; name = Cocoa.framework; path = Library/Frameworks/Cocoa.framework; sourceTree = DEVELOPER_DIR; };
		05BBF3B416EF2EA30011E948 /* AppKit.framework */ = {isa = PBXFileReference; lastKnownFileType = wrapper.framework; name = AppKit.framework; path = Library/Frameworks/AppKit.framework; sourceTree = SDKROOT; };
		05BBF3B516EF2EA30011E948 /* CoreData.framework */ = {isa = PBXFileReference; lastKnownFileType = wrapper.framework; name = CoreData.framework; path = Library/Frameworks/CoreData.framework; sourceTree = SDKROOT; };
		05BBF3B616EF2EA30011E948 /* Foundation.framework */ = {isa = PBXFileReference; lastKnownFileType = wrapper.framework; name = Foundation.framework; path = Library/Frameworks/Foundation.framework; sourceTree = SDKROOT; };
		05BBF3DB16EF2F780011E948 /* SPAsync-Framework-Info.plist */ = {isa = PBXFileReference; fileEncoding = 4; lastKnownFileType = text.plist.xml; name = "SPAsync-Framework-Info.plist"; path = "Support/SPAsync-Framework-Info.plist"; sourceTree = SOURCE_ROOT; };
/* End PBXFileReference section */

/* Begin PBXFrameworksBuildPhase section */
		05B647D716B85AF90050002D /* Frameworks */ = {
			isa = PBXFrameworksBuildPhase;
			buildActionMask = 2147483647;
			files = (
				05B647DE16B85AF90050002D /* Foundation.framework in Frameworks */,
			);
			runOnlyForDeploymentPostprocessing = 0;
		};
		05B647E716B85AF90050002D /* Frameworks */ = {
			isa = PBXFrameworksBuildPhase;
			buildActionMask = 2147483647;
			files = (
				05B647ED16B85AF90050002D /* SenTestingKit.framework in Frameworks */,
				05B647EF16B85AF90050002D /* UIKit.framework in Frameworks */,
				05B647F016B85AF90050002D /* Foundation.framework in Frameworks */,
				05B647F316B85AF90050002D /* libSPAsync.a in Frameworks */,
			);
			runOnlyForDeploymentPostprocessing = 0;
		};
		05BBF3AC16EF2EA30011E948 /* Frameworks */ = {
			isa = PBXFrameworksBuildPhase;
			buildActionMask = 2147483647;
			files = (
				05BBF3B216EF2EA30011E948 /* Cocoa.framework in Frameworks */,
			);
			runOnlyForDeploymentPostprocessing = 0;
		};
/* End PBXFrameworksBuildPhase section */

/* Begin PBXGroup section */
		05B647CF16B85AF90050002D = {
			isa = PBXGroup;
			children = (
				05B647DF16B85AF90050002D /* SPAsync */,
				05B647F416B85AF90050002D /* SPAsyncTests */,
				05B647DC16B85AF90050002D /* Frameworks */,
				05B647DB16B85AF90050002D /* Products */,
			);
			sourceTree = "<group>";
		};
		05B647DB16B85AF90050002D /* Products */ = {
			isa = PBXGroup;
			children = (
				05B647DA16B85AF90050002D /* libSPAsync.a */,
				05B647EB16B85AF90050002D /* SPAsyncTests.octest */,
				05BBF3B016EF2EA30011E948 /* SPAsync.framework */,
			);
			name = Products;
			sourceTree = "<group>";
		};
		05B647DC16B85AF90050002D /* Frameworks */ = {
			isa = PBXGroup;
			children = (
				05B647DD16B85AF90050002D /* Foundation.framework */,
				05B647EC16B85AF90050002D /* SenTestingKit.framework */,
				05B647EE16B85AF90050002D /* UIKit.framework */,
				05BBF3B116EF2EA30011E948 /* Cocoa.framework */,
				05BBF3B316EF2EA30011E948 /* Other Frameworks */,
			);
			name = Frameworks;
			sourceTree = "<group>";
		};
		05B647DF16B85AF90050002D /* SPAsync */ = {
			isa = PBXGroup;
			children = (
				05B6480F16B85BC20050002D /* Interfaces */,
				05B6481416B85BC20050002D /* Sources */,
				05B647E016B85AF90050002D /* Supporting Files */,
			);
			path = SPAsync;
			sourceTree = "<group>";
		};
		05B647E016B85AF90050002D /* Supporting Files */ = {
			isa = PBXGroup;
			children = (
				05BBF3DB16EF2F780011E948 /* SPAsync-Framework-Info.plist */,
				05B647E116B85AF90050002D /* SPAsync-Prefix.pch */,
			);
			name = "Supporting Files";
			sourceTree = "<group>";
		};
		05B647F416B85AF90050002D /* SPAsyncTests */ = {
			isa = PBXGroup;
			children = (
				05B6480916B85BB60050002D /* SPAgentTest.h */,
				05B6480A16B85BB60050002D /* SPAgentTest.m */,
				05B6480B16B85BB60050002D /* SPTaskTest.h */,
				05B6480C16B85BB60050002D /* SPTaskTest.m */,
				05B6484216B94C010050002D /* SPAwaitTest.h */,
				05B6484316B94C010050002D /* SPAwaitTest.m */,
				05B647F516B85AF90050002D /* Supporting Files */,
			);
			path = SPAsyncTests;
			sourceTree = "<group>";
		};
		05B647F516B85AF90050002D /* Supporting Files */ = {
			isa = PBXGroup;
			children = (
				05B647F616B85AF90050002D /* SPAsyncTests-Info.plist */,
				05B647F716B85AF90050002D /* InfoPlist.strings */,
			);
			name = "Supporting Files";
			sourceTree = "<group>";
		};
		05B6480F16B85BC20050002D /* Interfaces */ = {
			isa = PBXGroup;
			children = (
				05B6481216B85BC20050002D /* SPAsync.h */,
				05B6481016B85BC20050002D /* NSObject+SPInvocationGrabbing.h */,
				05B6481116B85BC20050002D /* SPAgent.h */,
				05B6481316B85BC20050002D /* SPTask.h */,
				05B6483F16B93F200050002D /* SPAwait.h */,
				0519EFDF1816CCC100CFDCA4 /* SPAsyncNamespacing.h */,
			);
			name = Interfaces;
			path = include/SPAsync;
			sourceTree = SOURCE_ROOT;
		};
		05B6481416B85BC20050002D /* Sources */ = {
			isa = PBXGroup;
			children = (
				05B6481516B85BC20050002D /* NSObject+SPInvocationGrabbing.m */,
				05B6481616B85BC20050002D /* SPAgent.m */,
				05B6481816B85BC20050002D /* SPTask.m */,
				05B6484016B93F2A0050002D /* SPAwait.m */,
			);
			path = Sources;
			sourceTree = SOURCE_ROOT;
		};
		05BBF3B316EF2EA30011E948 /* Other Frameworks */ = {
			isa = PBXGroup;
			children = (
				05BBF3B416EF2EA30011E948 /* AppKit.framework */,
				05BBF3B516EF2EA30011E948 /* CoreData.framework */,
				05BBF3B616EF2EA30011E948 /* Foundation.framework */,
			);
			name = "Other Frameworks";
			sourceTree = "<group>";
		};
/* End PBXGroup section */

/* Begin PBXHeadersBuildPhase section */
		05BBF3AD16EF2EA30011E948 /* Headers */ = {
			isa = PBXHeadersBuildPhase;
			buildActionMask = 2147483647;
			files = (
				05BBF3E116EF301C0011E948 /* SPAsync.h in Headers */,
				05BBF3E216EF301C0011E948 /* NSObject+SPInvocationGrabbing.h in Headers */,
				05BBF3E316EF301C0011E948 /* SPAgent.h in Headers */,
				0519EFE01816CCC100CFDCA4 /* SPAsyncNamespacing.h in Headers */,
				05BBF3E416EF301C0011E948 /* SPTask.h in Headers */,
				05BBF3E516EF301C0011E948 /* SPAwait.h in Headers */,
			);
			runOnlyForDeploymentPostprocessing = 0;
		};
/* End PBXHeadersBuildPhase section */

/* Begin PBXNativeTarget section */
		05B647D916B85AF90050002D /* SPAsync */ = {
			isa = PBXNativeTarget;
			buildConfigurationList = 05B647FF16B85AF90050002D /* Build configuration list for PBXNativeTarget "SPAsync" */;
			buildPhases = (
				05B647D616B85AF90050002D /* Sources */,
				05B647D716B85AF90050002D /* Frameworks */,
				05B647D816B85AF90050002D /* CopyFiles */,
			);
			buildRules = (
			);
			dependencies = (
			);
			name = SPAsync;
			productName = SPAsync;
			productReference = 05B647DA16B85AF90050002D /* libSPAsync.a */;
			productType = "com.apple.product-type.library.static";
		};
		05B647EA16B85AF90050002D /* SPAsyncTests */ = {
			isa = PBXNativeTarget;
			buildConfigurationList = 05B6480216B85AF90050002D /* Build configuration list for PBXNativeTarget "SPAsyncTests" */;
			buildPhases = (
				05B647E616B85AF90050002D /* Sources */,
				05B647E716B85AF90050002D /* Frameworks */,
				05B647E816B85AF90050002D /* Resources */,
				05B647E916B85AF90050002D /* ShellScript */,
			);
			buildRules = (
			);
			dependencies = (
				05B647F216B85AF90050002D /* PBXTargetDependency */,
			);
			name = SPAsyncTests;
			productName = SPAsyncTests;
			productReference = 05B647EB16B85AF90050002D /* SPAsyncTests.octest */;
			productType = "com.apple.product-type.bundle";
		};
		05BBF3AF16EF2EA30011E948 /* SPAsync Framework */ = {
			isa = PBXNativeTarget;
			buildConfigurationList = 05BBF3D916EF2EA30011E948 /* Build configuration list for PBXNativeTarget "SPAsync Framework" */;
			buildPhases = (
				05BBF3AB16EF2EA30011E948 /* Sources */,
				05BBF3AC16EF2EA30011E948 /* Frameworks */,
				05BBF3AD16EF2EA30011E948 /* Headers */,
				05BBF3AE16EF2EA30011E948 /* Resources */,
			);
			buildRules = (
			);
			dependencies = (
			);
			name = "SPAsync Framework";
			productName = SPAsync_;
			productReference = 05BBF3B016EF2EA30011E948 /* SPAsync.framework */;
			productType = "com.apple.product-type.framework";
		};
/* End PBXNativeTarget section */

/* Begin PBXProject section */
		05B647D116B85AF90050002D /* Project object */ = {
			isa = PBXProject;
			attributes = {
				LastUpgradeCheck = 0450;
				ORGANIZATIONNAME = Spotify;
			};
			buildConfigurationList = 05B647D416B85AF90050002D /* Build configuration list for PBXProject "SPAsync" */;
			compatibilityVersion = "Xcode 3.2";
			developmentRegion = English;
			hasScannedForEncodings = 0;
			knownRegions = (
				en,
			);
			mainGroup = 05B647CF16B85AF90050002D;
			productRefGroup = 05B647DB16B85AF90050002D /* Products */;
			projectDirPath = "";
			projectRoot = "";
			targets = (
				05B647D916B85AF90050002D /* SPAsync */,
				05B647EA16B85AF90050002D /* SPAsyncTests */,
				05BBF3AF16EF2EA30011E948 /* SPAsync Framework */,
			);
		};
/* End PBXProject section */

/* Begin PBXResourcesBuildPhase section */
		05B647E816B85AF90050002D /* Resources */ = {
			isa = PBXResourcesBuildPhase;
			buildActionMask = 2147483647;
			files = (
				05B647F916B85AF90050002D /* InfoPlist.strings in Resources */,
			);
			runOnlyForDeploymentPostprocessing = 0;
		};
		05BBF3AE16EF2EA30011E948 /* Resources */ = {
			isa = PBXResourcesBuildPhase;
			buildActionMask = 2147483647;
			files = (
			);
			runOnlyForDeploymentPostprocessing = 0;
		};
/* End PBXResourcesBuildPhase section */

/* Begin PBXShellScriptBuildPhase section */
		05B647E916B85AF90050002D /* ShellScript */ = {
			isa = PBXShellScriptBuildPhase;
			buildActionMask = 2147483647;
			files = (
			);
			inputPaths = (
			);
			outputPaths = (
			);
			runOnlyForDeploymentPostprocessing = 0;
			shellPath = /bin/sh;
			shellScript = "# Run the unit tests in this test bundle.\n\"${SYSTEM_DEVELOPER_DIR}/Tools/RunUnitTests\"\n";
		};
/* End PBXShellScriptBuildPhase section */

/* Begin PBXSourcesBuildPhase section */
		05B647D616B85AF90050002D /* Sources */ = {
			isa = PBXSourcesBuildPhase;
			buildActionMask = 2147483647;
			files = (
				05B6481916B85BC20050002D /* NSObject+SPInvocationGrabbing.m in Sources */,
				05B6481A16B85BC20050002D /* SPAgent.m in Sources */,
				05B6481C16B85BC20050002D /* SPTask.m in Sources */,
				05B6484116B93F2A0050002D /* SPAwait.m in Sources */,
			);
			runOnlyForDeploymentPostprocessing = 0;
		};
		05B647E616B85AF90050002D /* Sources */ = {
			isa = PBXSourcesBuildPhase;
			buildActionMask = 2147483647;
			files = (
				05B6480D16B85BB60050002D /* SPAgentTest.m in Sources */,
				05B6480E16B85BB60050002D /* SPTaskTest.m in Sources */,
				05B6484416B94C010050002D /* SPAwaitTest.m in Sources */,
			);
			runOnlyForDeploymentPostprocessing = 0;
		};
		05BBF3AB16EF2EA30011E948 /* Sources */ = {
			isa = PBXSourcesBuildPhase;
			buildActionMask = 2147483647;
			files = (
				05BBF3DD16EF30100011E948 /* NSObject+SPInvocationGrabbing.m in Sources */,
				05BBF3DE16EF30100011E948 /* SPAgent.m in Sources */,
				05BBF3DF16EF30100011E948 /* SPTask.m in Sources */,
				05BBF3E016EF30100011E948 /* SPAwait.m in Sources */,
			);
			runOnlyForDeploymentPostprocessing = 0;
		};
/* End PBXSourcesBuildPhase section */

/* Begin PBXTargetDependency section */
		05B647F216B85AF90050002D /* PBXTargetDependency */ = {
			isa = PBXTargetDependency;
			target = 05B647D916B85AF90050002D /* SPAsync */;
			targetProxy = 05B647F116B85AF90050002D /* PBXContainerItemProxy */;
		};
/* End PBXTargetDependency section */

/* Begin PBXVariantGroup section */
		05B647F716B85AF90050002D /* InfoPlist.strings */ = {
			isa = PBXVariantGroup;
			children = (
				05B647F816B85AF90050002D /* en */,
			);
			name = InfoPlist.strings;
			sourceTree = "<group>";
		};
/* End PBXVariantGroup section */

/* Begin XCBuildConfiguration section */
		05B647FD16B85AF90050002D /* Debug */ = {
			isa = XCBuildConfiguration;
			buildSettings = {
				ALWAYS_SEARCH_USER_PATHS = NO;
				CLANG_CXX_LANGUAGE_STANDARD = "gnu++0x";
				CLANG_CXX_LIBRARY = "libc++";
				CLANG_ENABLE_OBJC_ARC = YES;
				CLANG_WARN_EMPTY_BODY = YES;
				CLANG_WARN__DUPLICATE_METHOD_MATCH = YES;
				COPY_PHASE_STRIP = NO;
				GCC_C_LANGUAGE_STANDARD = gnu99;
				GCC_DYNAMIC_NO_PIC = NO;
				GCC_OPTIMIZATION_LEVEL = 0;
				GCC_PREPROCESSOR_DEFINITIONS = (
					"$(inherited)",
					"OS_OBJECT_USE_OBJC=0",
					"DEBUG=1",
				);
				GCC_SYMBOLS_PRIVATE_EXTERN = NO;
				GCC_WARN_ABOUT_RETURN_TYPE = YES;
				GCC_WARN_UNINITIALIZED_AUTOS = YES;
				GCC_WARN_UNUSED_VARIABLE = YES;
				HEADER_SEARCH_PATHS = "\"$(SRCROOT)/include\"";
				IPHONEOS_DEPLOYMENT_TARGET = 6.0;
				SDKROOT = iphoneos;
			};
			name = Debug;
		};
		05B647FE16B85AF90050002D /* Release */ = {
			isa = XCBuildConfiguration;
			buildSettings = {
				ALWAYS_SEARCH_USER_PATHS = NO;
				CLANG_CXX_LANGUAGE_STANDARD = "gnu++0x";
				CLANG_CXX_LIBRARY = "libc++";
				CLANG_ENABLE_OBJC_ARC = YES;
				CLANG_WARN_EMPTY_BODY = YES;
				CLANG_WARN__DUPLICATE_METHOD_MATCH = YES;
				COPY_PHASE_STRIP = YES;
				GCC_C_LANGUAGE_STANDARD = gnu99;
				GCC_PREPROCESSOR_DEFINITIONS = (
					"$(inherited)",
					"OS_OBJECT_USE_OBJC=0",
				);
				GCC_WARN_ABOUT_RETURN_TYPE = YES;
				GCC_WARN_UNINITIALIZED_AUTOS = YES;
				GCC_WARN_UNUSED_VARIABLE = YES;
				HEADER_SEARCH_PATHS = "\"$(SRCROOT)/include\"";
				IPHONEOS_DEPLOYMENT_TARGET = 6.0;
				SDKROOT = iphoneos;
				VALIDATE_PRODUCT = YES;
			};
			name = Release;
		};
		05B6480016B85AF90050002D /* Debug */ = {
			isa = XCBuildConfiguration;
			buildSettings = {
				DSTROOT = /tmp/SPAsync.dst;
				GCC_PRECOMPILE_PREFIX_HEADER = YES;
				GCC_PREFIX_HEADER = "Support/SPAsync-Prefix.pch";
				OTHER_LDFLAGS = "-ObjC";
				PRODUCT_NAME = "$(TARGET_NAME)";
				SKIP_INSTALL = YES;
			};
			name = Debug;
		};
		05B6480116B85AF90050002D /* Release */ = {
			isa = XCBuildConfiguration;
			buildSettings = {
				DSTROOT = /tmp/SPAsync.dst;
				GCC_PRECOMPILE_PREFIX_HEADER = YES;
				GCC_PREFIX_HEADER = "Support/SPAsync-Prefix.pch";
				OTHER_LDFLAGS = "-ObjC";
				PRODUCT_NAME = "$(TARGET_NAME)";
				SKIP_INSTALL = YES;
			};
			name = Release;
		};
		05B6480316B85AF90050002D /* Debug */ = {
			isa = XCBuildConfiguration;
			buildSettings = {
				FRAMEWORK_SEARCH_PATHS = (
					"\"$(SDKROOT)/Developer/Library/Frameworks\"",
					"\"$(DEVELOPER_LIBRARY_DIR)/Frameworks\"",
				);
				GCC_PRECOMPILE_PREFIX_HEADER = YES;
				GCC_PREFIX_HEADER = "Support/SPAsync-Prefix.pch";
				HEADER_SEARCH_PATHS = "\"$(SRCROOT)/include\"";
				INFOPLIST_FILE = "SPAsyncTests/SPAsyncTests-Info.plist";
				OTHER_LDFLAGS = "-ObjC";
				PRODUCT_NAME = "$(TARGET_NAME)";
				WRAPPER_EXTENSION = octest;
			};
			name = Debug;
		};
		05B6480416B85AF90050002D /* Release */ = {
			isa = XCBuildConfiguration;
			buildSettings = {
				FRAMEWORK_SEARCH_PATHS = (
					"\"$(SDKROOT)/Developer/Library/Frameworks\"",
					"\"$(DEVELOPER_LIBRARY_DIR)/Frameworks\"",
				);
				GCC_PRECOMPILE_PREFIX_HEADER = YES;
				GCC_PREFIX_HEADER = "Support/SPAsync-Prefix.pch";
				HEADER_SEARCH_PATHS = "\"$(SRCROOT)/include\"";
				INFOPLIST_FILE = "SPAsyncTests/SPAsyncTests-Info.plist";
				OTHER_LDFLAGS = "-ObjC";
				PRODUCT_NAME = "$(TARGET_NAME)";
				WRAPPER_EXTENSION = octest;
			};
			name = Release;
		};
		05BBF3D516EF2EA30011E948 /* Debug */ = {
			isa = XCBuildConfiguration;
			buildSettings = {
				ARCHS = "$(ARCHS_STANDARD_64_BIT)";
				CLANG_WARN_CONSTANT_CONVERSION = YES;
				CLANG_WARN_ENUM_CONVERSION = YES;
				CLANG_WARN_INT_CONVERSION = YES;
				COMBINE_HIDPI_IMAGES = YES;
				DYLIB_COMPATIBILITY_VERSION = 1;
				DYLIB_CURRENT_VERSION = 1;
				FRAMEWORK_SEARCH_PATHS = (
					"$(inherited)",
					"\"$(SYSTEM_APPS_DIR)/Xcode46.app/Contents/Developer/Library/Frameworks\"",
				);
				FRAMEWORK_VERSION = A;
				GCC_ENABLE_OBJC_EXCEPTIONS = YES;
				GCC_PRECOMPILE_PREFIX_HEADER = YES;
				GCC_PREFIX_HEADER = "Support/SPAsync-Prefix.pch";
				GCC_PREPROCESSOR_DEFINITIONS = (
					"DEBUG=1",
					"$(inherited)",
				);
				GCC_WARN_64_TO_32_BIT_CONVERSION = YES;
				INFOPLIST_FILE = "Support/SPAsync-Framework-Info.plist";
				MACOSX_DEPLOYMENT_TARGET = 10.8;
				ONLY_ACTIVE_ARCH = YES;
				PRODUCT_NAME = SPAsync;
				SDKROOT = macosx;
				WRAPPER_EXTENSION = framework;
			};
			name = Debug;
		};
		05BBF3D616EF2EA30011E948 /* Release */ = {
			isa = XCBuildConfiguration;
			buildSettings = {
				ARCHS = "$(ARCHS_STANDARD_64_BIT)";
				CLANG_WARN_CONSTANT_CONVERSION = YES;
				CLANG_WARN_ENUM_CONVERSION = YES;
				CLANG_WARN_INT_CONVERSION = YES;
				COMBINE_HIDPI_IMAGES = YES;
				DEBUG_INFORMATION_FORMAT = "dwarf-with-dsym";
				DYLIB_COMPATIBILITY_VERSION = 1;
				DYLIB_CURRENT_VERSION = 1;
				FRAMEWORK_SEARCH_PATHS = (
					"$(inherited)",
					"\"$(SYSTEM_APPS_DIR)/Xcode46.app/Contents/Developer/Library/Frameworks\"",
				);
				FRAMEWORK_VERSION = A;
				GCC_ENABLE_OBJC_EXCEPTIONS = YES;
				GCC_PRECOMPILE_PREFIX_HEADER = YES;
				GCC_PREFIX_HEADER = "Support/SPAsync-Prefix.pch";
				GCC_WARN_64_TO_32_BIT_CONVERSION = YES;
				INFOPLIST_FILE = "Support/SPAsync-Framework-Info.plist";
				MACOSX_DEPLOYMENT_TARGET = 10.8;
				PRODUCT_NAME = SPAsync;
				SDKROOT = macosx;
				WRAPPER_EXTENSION = framework;
			};
			name = Release;
		};
/* End XCBuildConfiguration section */

/* Begin XCConfigurationList section */
		05B647D416B85AF90050002D /* Build configuration list for PBXProject "SPAsync" */ = {
			isa = XCConfigurationList;
			buildConfigurations = (
				05B647FD16B85AF90050002D /* Debug */,
				05B647FE16B85AF90050002D /* Release */,
			);
			defaultConfigurationIsVisible = 0;
			defaultConfigurationName = Release;
		};
		05B647FF16B85AF90050002D /* Build configuration list for PBXNativeTarget "SPAsync" */ = {
			isa = XCConfigurationList;
			buildConfigurations = (
				05B6480016B85AF90050002D /* Debug */,
				05B6480116B85AF90050002D /* Release */,
			);
			defaultConfigurationIsVisible = 0;
			defaultConfigurationName = Release;
		};
		05B6480216B85AF90050002D /* Build configuration list for PBXNativeTarget "SPAsyncTests" */ = {
			isa = XCConfigurationList;
			buildConfigurations = (
				05B6480316B85AF90050002D /* Debug */,
				05B6480416B85AF90050002D /* Release */,
			);
			defaultConfigurationIsVisible = 0;
			defaultConfigurationName = Release;
		};
		05BBF3D916EF2EA30011E948 /* Build configuration list for PBXNativeTarget "SPAsync Framework" */ = {
			isa = XCConfigurationList;
			buildConfigurations = (
				05BBF3D516EF2EA30011E948 /* Debug */,
				05BBF3D616EF2EA30011E948 /* Release */,
			);
			defaultConfigurationIsVisible = 0;
			defaultConfigurationName = Release;
		};
/* End XCConfigurationList section */
	};
	rootObject = 05B647D116B85AF90050002D /* Project object */;
}
